
Microsoft Visual Studio Solution File, Format Version 12.00
# 
Project("{FAE04EC0-301F-11D3-BF4B-00C04F79EFBC}") = "Domain", "Domain\Domain.csproj", "{8D9CEC9A-9486-445E-8CEA-B096EC5BB10B}"
EndProject
Project("{FAE04EC0-301F-11D3-BF4B-00C04F79EFBC}") = "Infrastructure", "Infrastructure\Infrastructure.csproj", "{59B58CDC-1347-482A-B9F2-17DEF609C267}"
EndProject
Project("{FAE04EC0-301F-11D3-BF4B-00C04F79EFBC}") = "WebApi", "WebApi\WebApi.csproj", "{C95DFADA-A647-4017-9640-B1F3358F093D}"
EndProject
Global
	GlobalSection(SolutionConfigurationPlatforms) = preSolution
		Debug|Any CPU = Debug|Any CPU
		Release|Any CPU = Release|Any CPU
	EndGlobalSection
	GlobalSection(ProjectConfigurationPlatforms) = postSolution
		{8D9CEC9A-9486-445E-8CEA-B096EC5BB10B}.Debug|Any CPU.ActiveCfg = Debug|Any CPU
		{8D9CEC9A-9486-445E-8CEA-B096EC5BB10B}.Debug|Any CPU.Build.0 = Debug|Any CPU
		{8D9CEC9A-9486-445E-8CEA-B096EC5BB10B}.Release|Any CPU.ActiveCfg = Release|Any CPU
		{8D9CEC9A-9486-445E-8CEA-B096EC5BB10B}.Release|Any CPU.Build.0 = Release|Any CPU
		{59B58CDC-1347-482A-B9F2-17DEF609C267}.Debug|Any CPU.ActiveCfg = Debug|Any CPU
		{59B58CDC-1347-482A-B9F2-17DEF609C267}.Debug|Any CPU.Build.0 = Debug|Any CPU
		{59B58CDC-1347-482A-B9F2-17DEF609C267}.Release|Any CPU.ActiveCfg = Release|Any CPU
		{59B58CDC-1347-482A-B9F2-17DEF609C267}.Release|Any CPU.Build.0 = Release|Any CPU
		{C95DFADA-A647-4017-9640-B1F3358F093D}.Debug|Any CPU.ActiveCfg = Debug|Any CPU
		{C95DFADA-A647-4017-9640-B1F3358F093D}.Debug|Any CPU.Build.0 = Debug|Any CPU
		{C95DFADA-A647-4017-9640-B1F3358F093D}.Release|Any CPU.ActiveCfg = Release|Any CPU
		{C95DFADA-A647-4017-9640-B1F3358F093D}.Release|Any CPU.Build.0 = Release|Any CPU
	EndGlobalSection
EndGlobal
